
Microsoft Visual Studio Solution File, Format Version 12.00
# Visual Studio Version 16
VisualStudioVersion = 16.0.29102.190
MinimumVisualStudioVersion = 10.0.40219.1
Project("{9A19103F-16F7-4668-BE54-9A1E7A4F7556}") = "OneForAll.Core", "OneForAll.Core\OneForAll.Core.csproj", "{3F74099B-2226-4C0D-BE35-883ADA9D4F8C}"
EndProject
Project("{FAE04EC0-301F-11D3-BF4B-00C04F79EFBC}") = "OneForAll.Core.Test", "OneForAll.Core.Test\OneForAll.Core.Test.csproj", "{C8C31443-685F-4AC9-B1BC-0C87C86BE312}"
EndProject
Global
	GlobalSection(SolutionConfigurationPlatforms) = preSolution
		Debug|Any CPU = Debug|Any CPU
		Release|Any CPU = Release|Any CPU
	EndGlobalSection
	GlobalSection(ProjectConfigurationPlatforms) = postSolution
		{3F74099B-2226-4C0D-BE35-883ADA9D4F8C}.Debug|Any CPU.ActiveCfg = Debug|Any CPU
		{3F74099B-2226-4C0D-BE35-883ADA9D4F8C}.Debug|Any CPU.Build.0 = Debug|Any CPU
		{3F74099B-2226-4C0D-BE35-883ADA9D4F8C}.Release|Any CPU.ActiveCfg = Release|Any CPU
		{3F74099B-2226-4C0D-BE35-883ADA9D4F8C}.Release|Any CPU.Build.0 = Release|Any CPU
		{C8C31443-685F-4AC9-B1BC-0C87C86BE312}.Debug|Any CPU.ActiveCfg = Debug|Any CPU
		{C8C31443-685F-4AC9-B1BC-0C87C86BE312}.Debug|Any CPU.Build.0 = Debug|Any CPU
		{C8C31443-685F-4AC9-B1BC-0C87C86BE312}.Release|Any CPU.ActiveCfg = Release|Any CPU
		{C8C31443-685F-4AC9-B1BC-0C87C86BE312}.Release|Any CPU.Build.0 = Release|Any CPU
	EndGlobalSection
	GlobalSection(SolutionProperties) = preSolution
		HideSolutionNode = FALSE
	EndGlobalSection
	GlobalSection(ExtensibilityGlobals) = postSolution
		SolutionGuid = {E6B6C32D-CAEE-4BF4-9828-108948AA2F3B}
	EndGlobalSection
EndGlobal
